
Microsoft Visual Studio Solution File, Format Version 12.00
# Visual Studio 15
VisualStudioVersion = 15.0.26430.16
MinimumVisualStudioVersion = 10.0.40219.1
Project("{FAE04EC0-301F-11D3-BF4B-00C04F79EFBC}") = "Criptograf", "Criptograf\Criptograf.csproj", "{2EA770ED-0175-4862-BB8B-EEA371584614}"
EndProject
Project("{FAE04EC0-301F-11D3-BF4B-00C04F79EFBC}") = "LibraryWithBaseCripts", "LibraryWithBaseCripts\LibraryWithBaseCripts.csproj", "{0F44637E-8158-47CB-A92A-1ACD36487564}"
EndProject
Global
	GlobalSection(SolutionConfigurationPlatforms) = preSolution
		Debug|Any CPU = Debug|Any CPU
		Release|Any CPU = Release|Any CPU
	EndGlobalSection
	GlobalSection(ProjectConfigurationPlatforms) = postSolution
		{2EA770ED-0175-4862-BB8B-EEA371584614}.Debug|Any CPU.ActiveCfg = Debug|Any CPU
		{2EA770ED-0175-4862-BB8B-EEA371584614}.Debug|Any CPU.Build.0 = Debug|Any CPU
		{2EA770ED-0175-4862-BB8B-EEA371584614}.Release|Any CPU.ActiveCfg = Release|Any CPU
		{2EA770ED-0175-4862-BB8B-EEA371584614}.Release|Any CPU.Build.0 = Release|Any CPU
		{0F44637E-8158-47CB-A92A-1ACD36487564}.Debug|Any CPU.ActiveCfg = Debug|Any CPU
		{0F44637E-8158-47CB-A92A-1ACD36487564}.Debug|Any CPU.Build.0 = Debug|Any CPU
		{0F44637E-8158-47CB-A92A-1ACD36487564}.Release|Any CPU.ActiveCfg = Release|Any CPU
		{0F44637E-8158-47CB-A92A-1ACD36487564}.Release|Any CPU.Build.0 = Release|Any CPU
	EndGlobalSection
	GlobalSection(SolutionProperties) = preSolution
		HideSolutionNode = FALSE
	EndGlobalSection
EndGlobal
